
Microsoft Visual Studio Solution File, Format Version 12.00
# Visual Studio Version 17
VisualStudioVersion = 17.8.34330.188
MinimumVisualStudioVersion = 10.0.40219.1
Project("{FAE04EC0-301F-11D3-BF4B-00C04F79EFBC}") = "Uyg2", "Uyg2\Uyg2.csproj", "{75A3E946-F31B-4163-A168-DD853EBDD783}"
EndProject
Global
	GlobalSection(SolutionConfigurationPlatforms) = preSolution
		Debug|Any CPU = Debug|Any CPU
		Release|Any CPU = Release|Any CPU
	EndGlobalSection
	GlobalSection(ProjectConfigurationPlatforms) = postSolution
		{75A3E946-F31B-4163-A168-DD853EBDD783}.Debug|Any CPU.ActiveCfg = Debug|Any CPU
		{75A3E946-F31B-4163-A168-DD853EBDD783}.Debug|Any CPU.Build.0 = Debug|Any CPU
		{75A3E946-F31B-4163-A168-DD853EBDD783}.Release|Any CPU.ActiveCfg = Release|Any CPU
		{75A3E946-F31B-4163-A168-DD853EBDD783}.Release|Any CPU.Build.0 = Release|Any CPU
	EndGlobalSection
	GlobalSection(SolutionProperties) = preSolution
		HideSolutionNode = FALSE
	EndGlobalSection
	GlobalSection(ExtensibilityGlobals) = postSolution
		SolutionGuid = {B6BB25B4-D624-407B-9DD5-5296491084F9}
	EndGlobalSection
EndGlobal
